
Microsoft Visual Studio Solution File, Format Version 12.00
# Visual Studio 15
VisualStudioVersion = 15.0.28010.2041
MinimumVisualStudioVersion = 10.0.40219.1
Project("{FAE04EC0-301F-11D3-BF4B-00C04F79EFBC}") = "Task", "Task\Task.csproj", "{E8417CFC-8DA1-4FB7-811C-14121B5BDB85}"
EndProject
Global
	GlobalSection(SolutionConfigurationPlatforms) = preSolution
		Debug|Any CPU = Debug|Any CPU
		Release|Any CPU = Release|Any CPU
	EndGlobalSection
	GlobalSection(ProjectConfigurationPlatforms) = postSolution
		{E8417CFC-8DA1-4FB7-811C-14121B5BDB85}.Debug|Any CPU.ActiveCfg = Debug|Any CPU
		{E8417CFC-8DA1-4FB7-811C-14121B5BDB85}.Debug|Any CPU.Build.0 = Debug|Any CPU
		{E8417CFC-8DA1-4FB7-811C-14121B5BDB85}.Release|Any CPU.ActiveCfg = Release|Any CPU
		{E8417CFC-8DA1-4FB7-811C-14121B5BDB85}.Release|Any CPU.Build.0 = Release|Any CPU
	EndGlobalSection
	GlobalSection(SolutionProperties) = preSolution
		HideSolutionNode = FALSE
	EndGlobalSection
	GlobalSection(ExtensibilityGlobals) = postSolution
		SolutionGuid = {B4C7915F-EDB0-4785-BBAA-9F1F9ACA125C}
	EndGlobalSection
EndGlobal
